// !$*UTF8*$!
{
	archiveVersion = 1;
	classes = {
	};
	objectVersion = 46;
	objects = {

/* Begin PBXBuildFile section */
		E74C7DC41A709D1E00237881 /* Validation.swift in Sources */ = {isa = PBXBuildFile; fileRef = E74C7DC31A709D1E00237881 /* Validation.swift */; };
		E74C7DC61A71C8F900237881 /* OptionSection.swift in Sources */ = {isa = PBXBuildFile; fileRef = E74C7DC51A71C8F900237881 /* OptionSection.swift */; };
		E74FCA0A1A70314000C8BB8A /* KeyboardNotification.swift in Sources */ = {isa = PBXBuildFile; fileRef = E74FCA091A70314000C8BB8A /* KeyboardNotification.swift */; };
		E75D08BF1A696A9D00DF5561 /* Formulary.h in Headers */ = {isa = PBXBuildFile; fileRef = E75D08BE1A696A9D00DF5561 /* Formulary.h */; settings = {ATTRIBUTES = (Public, ); }; };
		E75D08D71A696D5400DF5561 /* FormViewController.swift in Sources */ = {isa = PBXBuildFile; fileRef = E75D08D61A696D5400DF5561 /* FormViewController.swift */; };
		E75D08E11A6975AE00DF5561 /* AppDelegate.swift in Sources */ = {isa = PBXBuildFile; fileRef = E75D08E01A6975AE00DF5561 /* AppDelegate.swift */; };
		E75D08E31A6975AE00DF5561 /* ViewController.swift in Sources */ = {isa = PBXBuildFile; fileRef = E75D08E21A6975AE00DF5561 /* ViewController.swift */; };
		E75D08E61A6975AE00DF5561 /* Main.storyboard in Resources */ = {isa = PBXBuildFile; fileRef = E75D08E41A6975AE00DF5561 /* Main.storyboard */; };
		E75D08E81A6975AE00DF5561 /* Images.xcassets in Resources */ = {isa = PBXBuildFile; fileRef = E75D08E71A6975AE00DF5561 /* Images.xcassets */; };
		E75D08EB1A6975AE00DF5561 /* LaunchScreen.xib in Resources */ = {isa = PBXBuildFile; fileRef = E75D08E91A6975AE00DF5561 /* LaunchScreen.xib */; };
		E75D09041A6977E300DF5561 /* Formulary.framework in Frameworks */ = {isa = PBXBuildFile; fileRef = E75D08B91A696A9D00DF5561 /* Formulary.framework */; };
		E75D09051A6977E300DF5561 /* Formulary.framework in Embed Frameworks */ = {isa = PBXBuildFile; fileRef = E75D08B91A696A9D00DF5561 /* Formulary.framework */; settings = {ATTRIBUTES = (CodeSignOnCopy, RemoveHeadersOnCopy, ); }; };
		E77EEE721A6AF8AB00AD4289 /* TextEntry.swift in Sources */ = {isa = PBXBuildFile; fileRef = E77EEE711A6AF8AB00AD4289 /* TextEntry.swift */; };
		E77EEE781A6B137D00AD4289 /* NamedTextField.swift in Sources */ = {isa = PBXBuildFile; fileRef = E77EEE771A6B137D00AD4289 /* NamedTextField.swift */; };
		E784ECDD1B780F780083D78F /* UIControlEventAcion.swift in Sources */ = {isa = PBXBuildFile; fileRef = E784ECDC1B780F780083D78F /* UIControlEventAcion.swift */; };
		E784ECDF1B78E6E70083D78F /* ResponderChain.swift in Sources */ = {isa = PBXBuildFile; fileRef = E784ECDE1B78E6E70083D78F /* ResponderChain.swift */; };
		E7C5B4F21C36218500BEC3F3 /* Picker.swift in Sources */ = {isa = PBXBuildFile; fileRef = E7C5B4F11C36218500BEC3F3 /* Picker.swift */; };
		E7E30FC11C307EA400E37C7A /* TextInput.m in Sources */ = {isa = PBXBuildFile; fileRef = E7E30FC01C307EA400E37C7A /* TextInput.m */; };
		E7E30FC31C34D59F00E37C7A /* TestFullSuite.m in Sources */ = {isa = PBXBuildFile; fileRef = E7E30FC21C34D59F00E37C7A /* TestFullSuite.m */; };
		E7F1A95C1A69A30500FD8294 /* FormDataSource.swift in Sources */ = {isa = PBXBuildFile; fileRef = E7F1A95B1A69A30500FD8294 /* FormDataSource.swift */; };
		E7F1A95E1A69A34700FD8294 /* Form.swift in Sources */ = {isa = PBXBuildFile; fileRef = E7F1A95D1A69A34700FD8294 /* Form.swift */; };
		E7F1A9611A69C2CC00FD8294 /* Cell.swift in Sources */ = {isa = PBXBuildFile; fileRef = E7F1A9601A69C2CC00FD8294 /* Cell.swift */; };
		E7FE09C71B77AAEF009D090C /* Formatting.swift in Sources */ = {isa = PBXBuildFile; fileRef = E7FE09C61B77AAEF009D090C /* Formatting.swift */; };
/* End PBXBuildFile section */

/* Begin PBXContainerItemProxy section */
		E75D09061A6977E300DF5561 /* PBXContainerItemProxy */ = {
			isa = PBXContainerItemProxy;
			containerPortal = E75D08B01A696A9D00DF5561 /* Project object */;
			proxyType = 1;
			remoteGlobalIDString = E75D08B81A696A9D00DF5561;
			remoteInfo = Formulary;
		};
		E7E30FBA1C306E0000E37C7A /* PBXContainerItemProxy */ = {
			isa = PBXContainerItemProxy;
			containerPortal = E75D08B01A696A9D00DF5561 /* Project object */;
			proxyType = 1;
			remoteGlobalIDString = E75D08DB1A6975AE00DF5561;
			remoteInfo = Exemplary;
		};
/* End PBXContainerItemProxy section */

/* Begin PBXCopyFilesBuildPhase section */
		E75D09081A6977E300DF5561 /* Embed Frameworks */ = {
			isa = PBXCopyFilesBuildPhase;
			buildActionMask = 2147483647;
			dstPath = "";
			dstSubfolderSpec = 10;
			files = (
				E75D09051A6977E300DF5561 /* Formulary.framework in Embed Frameworks */,
			);
			name = "Embed Frameworks";
			runOnlyForDeploymentPostprocessing = 0;
		};
/* End PBXCopyFilesBuildPhase section */

/* Begin PBXFileReference section */
		E74C7DC31A709D1E00237881 /* Validation.swift */ = {isa = PBXFileReference; fileEncoding = 4; lastKnownFileType = sourcecode.swift; path = Validation.swift; sourceTree = "<group>"; };
		E74C7DC51A71C8F900237881 /* OptionSection.swift */ = {isa = PBXFileReference; fileEncoding = 4; lastKnownFileType = sourcecode.swift; path = OptionSection.swift; sourceTree = "<group>"; };
		E74FCA091A70314000C8BB8A /* KeyboardNotification.swift */ = {isa = PBXFileReference; fileEncoding = 4; lastKnownFileType = sourcecode.swift; path = KeyboardNotification.swift; sourceTree = "<group>"; };
		E75D08B91A696A9D00DF5561 /* Formulary.framework */ = {isa = PBXFileReference; explicitFileType = wrapper.framework; includeInIndex = 0; path = Formulary.framework; sourceTree = BUILT_PRODUCTS_DIR; };
		E75D08BD1A696A9D00DF5561 /* Info.plist */ = {isa = PBXFileReference; lastKnownFileType = text.plist.xml; path = Info.plist; sourceTree = "<group>"; };
		E75D08BE1A696A9D00DF5561 /* Formulary.h */ = {isa = PBXFileReference; lastKnownFileType = sourcecode.c.h; path = Formulary.h; sourceTree = "<group>"; };
		E75D08D61A696D5400DF5561 /* FormViewController.swift */ = {isa = PBXFileReference; fileEncoding = 4; lastKnownFileType = sourcecode.swift; path = FormViewController.swift; sourceTree = "<group>"; };
		E75D08DC1A6975AE00DF5561 /* Exemplary.app */ = {isa = PBXFileReference; explicitFileType = wrapper.application; includeInIndex = 0; path = Exemplary.app; sourceTree = BUILT_PRODUCTS_DIR; };
		E75D08DF1A6975AE00DF5561 /* Info.plist */ = {isa = PBXFileReference; lastKnownFileType = text.plist.xml; path = Info.plist; sourceTree = "<group>"; };
		E75D08E01A6975AE00DF5561 /* AppDelegate.swift */ = {isa = PBXFileReference; lastKnownFileType = sourcecode.swift; path = AppDelegate.swift; sourceTree = "<group>"; };
		E75D08E21A6975AE00DF5561 /* ViewController.swift */ = {isa = PBXFileReference; lastKnownFileType = sourcecode.swift; path = ViewController.swift; sourceTree = "<group>"; };
		E75D08E51A6975AE00DF5561 /* Base */ = {isa = PBXFileReference; lastKnownFileType = file.storyboard; name = Base; path = Base.lproj/Main.storyboard; sourceTree = "<group>"; };
		E75D08E71A6975AE00DF5561 /* Images.xcassets */ = {isa = PBXFileReference; lastKnownFileType = folder.assetcatalog; path = Images.xcassets; sourceTree = "<group>"; };
		E75D08EA1A6975AE00DF5561 /* Base */ = {isa = PBXFileReference; lastKnownFileType = file.xib; name = Base; path = Base.lproj/LaunchScreen.xib; sourceTree = "<group>"; };
		E77EEE711A6AF8AB00AD4289 /* TextEntry.swift */ = {isa = PBXFileReference; fileEncoding = 4; lastKnownFileType = sourcecode.swift; path = TextEntry.swift; sourceTree = "<group>"; };
		E77EEE771A6B137D00AD4289 /* NamedTextField.swift */ = {isa = PBXFileReference; fileEncoding = 4; lastKnownFileType = sourcecode.swift; path = NamedTextField.swift; sourceTree = "<group>"; };
		E780958F1B6EC66B00A4172A /* README.md */ = {isa = PBXFileReference; lastKnownFileType = net.daringfireball.markdown; path = README.md; sourceTree = "<group>"; };
		E784ECDC1B780F780083D78F /* UIControlEventAcion.swift */ = {isa = PBXFileReference; fileEncoding = 4; lastKnownFileType = sourcecode.swift; path = UIControlEventAcion.swift; sourceTree = "<group>"; };
		E784ECDE1B78E6E70083D78F /* ResponderChain.swift */ = {isa = PBXFileReference; fileEncoding = 4; lastKnownFileType = sourcecode.swift; path = ResponderChain.swift; sourceTree = "<group>"; };
		E7C5B4F11C36218500BEC3F3 /* Picker.swift */ = {isa = PBXFileReference; fileEncoding = 4; lastKnownFileType = sourcecode.swift; path = Picker.swift; sourceTree = "<group>"; };
		E7E30FB51C306E0000E37C7A /* ExemplaryUITests.xctest */ = {isa = PBXFileReference; explicitFileType = wrapper.cfbundle; includeInIndex = 0; path = ExemplaryUITests.xctest; sourceTree = BUILT_PRODUCTS_DIR; };
		E7E30FB91C306E0000E37C7A /* Info.plist */ = {isa = PBXFileReference; lastKnownFileType = text.plist.xml; path = Info.plist; sourceTree = "<group>"; };
		E7E30FBF1C307EA400E37C7A /* ExemplaryUITests-Bridging-Header.h */ = {isa = PBXFileReference; lastKnownFileType = sourcecode.c.h; path = "ExemplaryUITests-Bridging-Header.h"; sourceTree = "<group>"; };
		E7E30FC01C307EA400E37C7A /* TextInput.m */ = {isa = PBXFileReference; fileEncoding = 4; lastKnownFileType = sourcecode.c.objc; path = TextInput.m; sourceTree = "<group>"; };
		E7E30FC21C34D59F00E37C7A /* TestFullSuite.m */ = {isa = PBXFileReference; fileEncoding = 4; lastKnownFileType = sourcecode.c.objc; path = TestFullSuite.m; sourceTree = "<group>"; };
		E7F1A95B1A69A30500FD8294 /* FormDataSource.swift */ = {isa = PBXFileReference; fileEncoding = 4; lastKnownFileType = sourcecode.swift; path = FormDataSource.swift; sourceTree = "<group>"; };
		E7F1A95D1A69A34700FD8294 /* Form.swift */ = {isa = PBXFileReference; fileEncoding = 4; lastKnownFileType = sourcecode.swift; path = Form.swift; sourceTree = "<group>"; };
		E7F1A9601A69C2CC00FD8294 /* Cell.swift */ = {isa = PBXFileReference; fileEncoding = 4; lastKnownFileType = sourcecode.swift; path = Cell.swift; sourceTree = "<group>"; };
		E7FE09C61B77AAEF009D090C /* Formatting.swift */ = {isa = PBXFileReference; fileEncoding = 4; lastKnownFileType = sourcecode.swift; path = Formatting.swift; sourceTree = "<group>"; };
/* End PBXFileReference section */

/* Begin PBXFrameworksBuildPhase section */
		E75D08B51A696A9D00DF5561 /* Frameworks */ = {
			isa = PBXFrameworksBuildPhase;
			buildActionMask = 2147483647;
			files = (
			);
			runOnlyForDeploymentPostprocessing = 0;
		};
		E75D08D91A6975AE00DF5561 /* Frameworks */ = {
			isa = PBXFrameworksBuildPhase;
			buildActionMask = 2147483647;
			files = (
				E75D09041A6977E300DF5561 /* Formulary.framework in Frameworks */,
			);
			runOnlyForDeploymentPostprocessing = 0;
		};
		E7E30FB21C306E0000E37C7A /* Frameworks */ = {
			isa = PBXFrameworksBuildPhase;
			buildActionMask = 2147483647;
			files = (
			);
			runOnlyForDeploymentPostprocessing = 0;
		};
/* End PBXFrameworksBuildPhase section */

/* Begin PBXGroup section */
		E75D08AF1A696A9D00DF5561 = {
			isa = PBXGroup;
			children = (
				E780958F1B6EC66B00A4172A /* README.md */,
				E75D08BB1A696A9D00DF5561 /* Formulary */,
				E75D08DD1A6975AE00DF5561 /* Exemplary */,
				E7E30FB61C306E0000E37C7A /* ExemplaryUITests */,
				E75D08BA1A696A9D00DF5561 /* Products */,
			);
			sourceTree = "<group>";
		};
		E75D08BA1A696A9D00DF5561 /* Products */ = {
			isa = PBXGroup;
			children = (
				E75D08B91A696A9D00DF5561 /* Formulary.framework */,
				E75D08DC1A6975AE00DF5561 /* Exemplary.app */,
				E7E30FB51C306E0000E37C7A /* ExemplaryUITests.xctest */,
			);
			name = Products;
			sourceTree = "<group>";
		};
		E75D08BB1A696A9D00DF5561 /* Formulary */ = {
			isa = PBXGroup;
			children = (
				E784ECDB1B780F460083D78F /* UIKit Extensions */,
				E77EEE761A6B133E00AD4289 /* Input */,
				E75D08D51A696D2A00DF5561 /* Forms */,
				E75D08BE1A696A9D00DF5561 /* Formulary.h */,
				E75D08BC1A696A9D00DF5561 /* Supporting Files */,
			);
			path = Formulary;
			sourceTree = "<group>";
		};
		E75D08BC1A696A9D00DF5561 /* Supporting Files */ = {
			isa = PBXGroup;
			children = (
				E75D08BD1A696A9D00DF5561 /* Info.plist */,
			);
			name = "Supporting Files";
			sourceTree = "<group>";
		};
		E75D08D51A696D2A00DF5561 /* Forms */ = {
			isa = PBXGroup;
			children = (
				E75D08D61A696D5400DF5561 /* FormViewController.swift */,
				E7F1A95B1A69A30500FD8294 /* FormDataSource.swift */,
				E7F1A95D1A69A34700FD8294 /* Form.swift */,
				E7F1A9601A69C2CC00FD8294 /* Cell.swift */,
				E77EEE711A6AF8AB00AD4289 /* TextEntry.swift */,
				E74C7DC51A71C8F900237881 /* OptionSection.swift */,
				E7C5B4F11C36218500BEC3F3 /* Picker.swift */,
			);
			path = Forms;
			sourceTree = "<group>";
		};
		E75D08DD1A6975AE00DF5561 /* Exemplary */ = {
			isa = PBXGroup;
			children = (
				E75D08E01A6975AE00DF5561 /* AppDelegate.swift */,
				E75D08E21A6975AE00DF5561 /* ViewController.swift */,
				E75D08E41A6975AE00DF5561 /* Main.storyboard */,
				E75D08E71A6975AE00DF5561 /* Images.xcassets */,
				E75D08E91A6975AE00DF5561 /* LaunchScreen.xib */,
				E75D08DE1A6975AE00DF5561 /* Supporting Files */,
			);
			path = Exemplary;
			sourceTree = "<group>";
		};
		E75D08DE1A6975AE00DF5561 /* Supporting Files */ = {
			isa = PBXGroup;
			children = (
				E75D08DF1A6975AE00DF5561 /* Info.plist */,
			);
			name = "Supporting Files";
			sourceTree = "<group>";
		};
		E77EEE761A6B133E00AD4289 /* Input */ = {
			isa = PBXGroup;
			children = (
				E77EEE771A6B137D00AD4289 /* NamedTextField.swift */,
				E74C7DC31A709D1E00237881 /* Validation.swift */,
				E7FE09C61B77AAEF009D090C /* Formatting.swift */,
			);
			path = Input;
			sourceTree = "<group>";
		};
		E784ECDB1B780F460083D78F /* UIKit Extensions */ = {
			isa = PBXGroup;
			children = (
				E74FCA091A70314000C8BB8A /* KeyboardNotification.swift */,
				E784ECDC1B780F780083D78F /* UIControlEventAcion.swift */,
				E784ECDE1B78E6E70083D78F /* ResponderChain.swift */,
			);
			path = "UIKit Extensions";
			sourceTree = "<group>";
		};
		E7E30FB61C306E0000E37C7A /* ExemplaryUITests */ = {
			isa = PBXGroup;
			children = (
				E7E30FB91C306E0000E37C7A /* Info.plist */,
				E7E30FC01C307EA400E37C7A /* TextInput.m */,
				E7E30FBF1C307EA400E37C7A /* ExemplaryUITests-Bridging-Header.h */,
				E7E30FC21C34D59F00E37C7A /* TestFullSuite.m */,
			);
			path = ExemplaryUITests;
			sourceTree = "<group>";
		};
/* End PBXGroup section */

/* Begin PBXHeadersBuildPhase section */
		E75D08B61A696A9D00DF5561 /* Headers */ = {
			isa = PBXHeadersBuildPhase;
			buildActionMask = 2147483647;
			files = (
				E75D08BF1A696A9D00DF5561 /* Formulary.h in Headers */,
			);
			runOnlyForDeploymentPostprocessing = 0;
		};
/* End PBXHeadersBuildPhase section */

/* Begin PBXNativeTarget section */
		E75D08B81A696A9D00DF5561 /* Formulary */ = {
			isa = PBXNativeTarget;
			buildConfigurationList = E75D08CF1A696A9D00DF5561 /* Build configuration list for PBXNativeTarget "Formulary" */;
			buildPhases = (
				E75D08B41A696A9D00DF5561 /* Sources */,
				E75D08B51A696A9D00DF5561 /* Frameworks */,
				E75D08B61A696A9D00DF5561 /* Headers */,
				E75D08B71A696A9D00DF5561 /* Resources */,
			);
			buildRules = (
			);
			dependencies = (
			);
			name = Formulary;
			productName = Formulary;
			productReference = E75D08B91A696A9D00DF5561 /* Formulary.framework */;
			productType = "com.apple.product-type.framework";
		};
		E75D08DB1A6975AE00DF5561 /* Exemplary */ = {
			isa = PBXNativeTarget;
			buildConfigurationList = E75D08F81A6975AE00DF5561 /* Build configuration list for PBXNativeTarget "Exemplary" */;
			buildPhases = (
				E75D08D81A6975AE00DF5561 /* Sources */,
				E75D08D91A6975AE00DF5561 /* Frameworks */,
				E75D08DA1A6975AE00DF5561 /* Resources */,
				E75D09081A6977E300DF5561 /* Embed Frameworks */,
			);
			buildRules = (
			);
			dependencies = (
				E75D09071A6977E300DF5561 /* PBXTargetDependency */,
			);
			name = Exemplary;
			productName = Exemplary;
			productReference = E75D08DC1A6975AE00DF5561 /* Exemplary.app */;
			productType = "com.apple.product-type.application";
		};
		E7E30FB41C306E0000E37C7A /* ExemplaryUITests */ = {
			isa = PBXNativeTarget;
			buildConfigurationList = E7E30FBC1C306E0000E37C7A /* Build configuration list for PBXNativeTarget "ExemplaryUITests" */;
			buildPhases = (
				E7E30FB11C306E0000E37C7A /* Sources */,
				E7E30FB21C306E0000E37C7A /* Frameworks */,
				E7E30FB31C306E0000E37C7A /* Resources */,
			);
			buildRules = (
			);
			dependencies = (
				E7E30FBB1C306E0000E37C7A /* PBXTargetDependency */,
			);
			name = ExemplaryUITests;
			productName = ExemplaryUITests;
			productReference = E7E30FB51C306E0000E37C7A /* ExemplaryUITests.xctest */;
			productType = "com.apple.product-type.bundle.ui-testing";
		};
/* End PBXNativeTarget section */

/* Begin PBXProject section */
		E75D08B01A696A9D00DF5561 /* Project object */ = {
			isa = PBXProject;
			attributes = {
				LastSwiftMigration = 0700;
				LastSwiftUpdateCheck = 0720;
				LastUpgradeCheck = 0720;
				ORGANIZATIONNAME = "Fabian Canas";
				TargetAttributes = {
					E75D08B81A696A9D00DF5561 = {
						CreatedOnToolsVersion = 6.1.1;
					};
					E75D08DB1A6975AE00DF5561 = {
						CreatedOnToolsVersion = 6.1.1;
					};
					E7E30FB41C306E0000E37C7A = {
						CreatedOnToolsVersion = 7.2;
						TestTargetID = E75D08DB1A6975AE00DF5561;
					};
				};
			};
			buildConfigurationList = E75D08B31A696A9D00DF5561 /* Build configuration list for PBXProject "Formulary" */;
			compatibilityVersion = "Xcode 3.2";
			developmentRegion = English;
			hasScannedForEncodings = 0;
			knownRegions = (
				en,
				Base,
			);
			mainGroup = E75D08AF1A696A9D00DF5561;
			productRefGroup = E75D08BA1A696A9D00DF5561 /* Products */;
			projectDirPath = "";
			projectRoot = "";
			targets = (
				E75D08B81A696A9D00DF5561 /* Formulary */,
				E75D08DB1A6975AE00DF5561 /* Exemplary */,
				E7E30FB41C306E0000E37C7A /* ExemplaryUITests */,
			);
		};
/* End PBXProject section */

/* Begin PBXResourcesBuildPhase section */
		E75D08B71A696A9D00DF5561 /* Resources */ = {
			isa = PBXResourcesBuildPhase;
			buildActionMask = 2147483647;
			files = (
			);
			runOnlyForDeploymentPostprocessing = 0;
		};
		E75D08DA1A6975AE00DF5561 /* Resources */ = {
			isa = PBXResourcesBuildPhase;
			buildActionMask = 2147483647;
			files = (
				E75D08E61A6975AE00DF5561 /* Main.storyboard in Resources */,
				E75D08EB1A6975AE00DF5561 /* LaunchScreen.xib in Resources */,
				E75D08E81A6975AE00DF5561 /* Images.xcassets in Resources */,
			);
			runOnlyForDeploymentPostprocessing = 0;
		};
		E7E30FB31C306E0000E37C7A /* Resources */ = {
			isa = PBXResourcesBuildPhase;
			buildActionMask = 2147483647;
			files = (
			);
			runOnlyForDeploymentPostprocessing = 0;
		};
/* End PBXResourcesBuildPhase section */

/* Begin PBXSourcesBuildPhase section */
		E75D08B41A696A9D00DF5561 /* Sources */ = {
			isa = PBXSourcesBuildPhase;
			buildActionMask = 2147483647;
			files = (
				E7FE09C71B77AAEF009D090C /* Formatting.swift in Sources */,
				E7F1A95C1A69A30500FD8294 /* FormDataSource.swift in Sources */,
				E77EEE721A6AF8AB00AD4289 /* TextEntry.swift in Sources */,
				E74C7DC61A71C8F900237881 /* OptionSection.swift in Sources */,
				E784ECDF1B78E6E70083D78F /* ResponderChain.swift in Sources */,
				E77EEE781A6B137D00AD4289 /* NamedTextField.swift in Sources */,
				E7F1A9611A69C2CC00FD8294 /* Cell.swift in Sources */,
				E75D08D71A696D5400DF5561 /* FormViewController.swift in Sources */,
				E7F1A95E1A69A34700FD8294 /* Form.swift in Sources */,
				E7C5B4F21C36218500BEC3F3 /* Picker.swift in Sources */,
				E74C7DC41A709D1E00237881 /* Validation.swift in Sources */,
				E784ECDD1B780F780083D78F /* UIControlEventAcion.swift in Sources */,
				E74FCA0A1A70314000C8BB8A /* KeyboardNotification.swift in Sources */,
			);
			runOnlyForDeploymentPostprocessing = 0;
		};
		E75D08D81A6975AE00DF5561 /* Sources */ = {
			isa = PBXSourcesBuildPhase;
			buildActionMask = 2147483647;
			files = (
				E75D08E31A6975AE00DF5561 /* ViewController.swift in Sources */,
				E75D08E11A6975AE00DF5561 /* AppDelegate.swift in Sources */,
			);
			runOnlyForDeploymentPostprocessing = 0;
		};
		E7E30FB11C306E0000E37C7A /* Sources */ = {
			isa = PBXSourcesBuildPhase;
			buildActionMask = 2147483647;
			files = (
				E7E30FC11C307EA400E37C7A /* TextInput.m in Sources */,
				E7E30FC31C34D59F00E37C7A /* TestFullSuite.m in Sources */,
			);
			runOnlyForDeploymentPostprocessing = 0;
		};
/* End PBXSourcesBuildPhase section */

/* Begin PBXTargetDependency section */
		E75D09071A6977E300DF5561 /* PBXTargetDependency */ = {
			isa = PBXTargetDependency;
			target = E75D08B81A696A9D00DF5561 /* Formulary */;
			targetProxy = E75D09061A6977E300DF5561 /* PBXContainerItemProxy */;
		};
		E7E30FBB1C306E0000E37C7A /* PBXTargetDependency */ = {
			isa = PBXTargetDependency;
			target = E75D08DB1A6975AE00DF5561 /* Exemplary */;
			targetProxy = E7E30FBA1C306E0000E37C7A /* PBXContainerItemProxy */;
		};
/* End PBXTargetDependency section */

/* Begin PBXVariantGroup section */
		E75D08E41A6975AE00DF5561 /* Main.storyboard */ = {
			isa = PBXVariantGroup;
			children = (
				E75D08E51A6975AE00DF5561 /* Base */,
			);
			name = Main.storyboard;
			sourceTree = "<group>";
		};
		E75D08E91A6975AE00DF5561 /* LaunchScreen.xib */ = {
			isa = PBXVariantGroup;
			children = (
				E75D08EA1A6975AE00DF5561 /* Base */,
			);
			name = LaunchScreen.xib;
			sourceTree = "<group>";
		};
/* End PBXVariantGroup section */

/* Begin XCBuildConfiguration section */
		E75D08CD1A696A9D00DF5561 /* Debug */ = {
			isa = XCBuildConfiguration;
			buildSettings = {
				ALWAYS_SEARCH_USER_PATHS = NO;
				CLANG_CXX_LANGUAGE_STANDARD = "gnu++0x";
				CLANG_CXX_LIBRARY = "libc++";
				CLANG_ENABLE_MODULES = YES;
				CLANG_ENABLE_OBJC_ARC = YES;
				CLANG_WARN_BOOL_CONVERSION = YES;
				CLANG_WARN_CONSTANT_CONVERSION = YES;
				CLANG_WARN_DIRECT_OBJC_ISA_USAGE = YES_ERROR;
				CLANG_WARN_EMPTY_BODY = YES;
				CLANG_WARN_ENUM_CONVERSION = YES;
				CLANG_WARN_INT_CONVERSION = YES;
				CLANG_WARN_OBJC_ROOT_CLASS = YES_ERROR;
				CLANG_WARN_UNREACHABLE_CODE = YES;
				CLANG_WARN__DUPLICATE_METHOD_MATCH = YES;
				"CODE_SIGN_IDENTITY[sdk=iphoneos*]" = "iPhone Developer";
				COPY_PHASE_STRIP = NO;
				CURRENT_PROJECT_VERSION = 1;
				ENABLE_STRICT_OBJC_MSGSEND = YES;
				ENABLE_TESTABILITY = YES;
				GCC_C_LANGUAGE_STANDARD = gnu99;
				GCC_DYNAMIC_NO_PIC = NO;
				GCC_OPTIMIZATION_LEVEL = 0;
				GCC_PREPROCESSOR_DEFINITIONS = (
					"DEBUG=1",
					"$(inherited)",
				);
				GCC_SYMBOLS_PRIVATE_EXTERN = NO;
				GCC_WARN_64_TO_32_BIT_CONVERSION = YES;
				GCC_WARN_ABOUT_RETURN_TYPE = YES_ERROR;
				GCC_WARN_UNDECLARED_SELECTOR = YES;
				GCC_WARN_UNINITIALIZED_AUTOS = YES_AGGRESSIVE;
				GCC_WARN_UNUSED_FUNCTION = YES;
				GCC_WARN_UNUSED_VARIABLE = YES;
				IPHONEOS_DEPLOYMENT_TARGET = 8.1;
				MTL_ENABLE_DEBUG_INFO = YES;
				ONLY_ACTIVE_ARCH = YES;
				SDKROOT = iphoneos;
				SWIFT_OPTIMIZATION_LEVEL = "-Onone";
				TARGETED_DEVICE_FAMILY = "1,2";
				VERSIONING_SYSTEM = "apple-generic";
				VERSION_INFO_PREFIX = "";
			};
			name = Debug;
		};
		E75D08CE1A696A9D00DF5561 /* Release */ = {
			isa = XCBuildConfiguration;
			buildSettings = {
				ALWAYS_SEARCH_USER_PATHS = NO;
				CLANG_CXX_LANGUAGE_STANDARD = "gnu++0x";
				CLANG_CXX_LIBRARY = "libc++";
				CLANG_ENABLE_MODULES = YES;
				CLANG_ENABLE_OBJC_ARC = YES;
				CLANG_WARN_BOOL_CONVERSION = YES;
				CLANG_WARN_CONSTANT_CONVERSION = YES;
				CLANG_WARN_DIRECT_OBJC_ISA_USAGE = YES_ERROR;
				CLANG_WARN_EMPTY_BODY = YES;
				CLANG_WARN_ENUM_CONVERSION = YES;
				CLANG_WARN_INT_CONVERSION = YES;
				CLANG_WARN_OBJC_ROOT_CLASS = YES_ERROR;
				CLANG_WARN_UNREACHABLE_CODE = YES;
				CLANG_WARN__DUPLICATE_METHOD_MATCH = YES;
				"CODE_SIGN_IDENTITY[sdk=iphoneos*]" = "iPhone Developer";
				COPY_PHASE_STRIP = YES;
				CURRENT_PROJECT_VERSION = 1;
				ENABLE_NS_ASSERTIONS = NO;
				ENABLE_STRICT_OBJC_MSGSEND = YES;
				GCC_C_LANGUAGE_STANDARD = gnu99;
				GCC_WARN_64_TO_32_BIT_CONVERSION = YES;
				GCC_WARN_ABOUT_RETURN_TYPE = YES_ERROR;
				GCC_WARN_UNDECLARED_SELECTOR = YES;
				GCC_WARN_UNINITIALIZED_AUTOS = YES_AGGRESSIVE;
				GCC_WARN_UNUSED_FUNCTION = YES;
				GCC_WARN_UNUSED_VARIABLE = YES;
				IPHONEOS_DEPLOYMENT_TARGET = 8.1;
				MTL_ENABLE_DEBUG_INFO = NO;
				SDKROOT = iphoneos;
				TARGETED_DEVICE_FAMILY = "1,2";
				VALIDATE_PRODUCT = YES;
				VERSIONING_SYSTEM = "apple-generic";
				VERSION_INFO_PREFIX = "";
			};
			name = Release;
		};
		E75D08D01A696A9D00DF5561 /* Debug */ = {
			isa = XCBuildConfiguration;
			buildSettings = {
				CLANG_ENABLE_MODULES = YES;
				DEFINES_MODULE = YES;
				DYLIB_COMPATIBILITY_VERSION = 1;
				DYLIB_CURRENT_VERSION = 1;
				DYLIB_INSTALL_NAME_BASE = "@rpath";
				INFOPLIST_FILE = Formulary/Info.plist;
				INSTALL_PATH = "$(LOCAL_LIBRARY_DIR)/Frameworks";
				LD_RUNPATH_SEARCH_PATHS = "$(inherited) @executable_path/Frameworks @loader_path/Frameworks";
				PRODUCT_BUNDLE_IDENTIFIER = "com.fabiancanas.$(PRODUCT_NAME:rfc1034identifier)";
				PRODUCT_NAME = "$(TARGET_NAME)";
				SKIP_INSTALL = YES;
				SWIFT_OPTIMIZATION_LEVEL = "-Onone";
			};
			name = Debug;
		};
		E75D08D11A696A9D00DF5561 /* Release */ = {
			isa = XCBuildConfiguration;
			buildSettings = {
				CLANG_ENABLE_MODULES = YES;
				DEFINES_MODULE = YES;
				DYLIB_COMPATIBILITY_VERSION = 1;
				DYLIB_CURRENT_VERSION = 1;
				DYLIB_INSTALL_NAME_BASE = "@rpath";
				INFOPLIST_FILE = Formulary/Info.plist;
				INSTALL_PATH = "$(LOCAL_LIBRARY_DIR)/Frameworks";
				LD_RUNPATH_SEARCH_PATHS = "$(inherited) @executable_path/Frameworks @loader_path/Frameworks";
				PRODUCT_BUNDLE_IDENTIFIER = "com.fabiancanas.$(PRODUCT_NAME:rfc1034identifier)";
				PRODUCT_NAME = "$(TARGET_NAME)";
				SKIP_INSTALL = YES;
			};
			name = Release;
		};
		E75D08F91A6975AE00DF5561 /* Debug */ = {
			isa = XCBuildConfiguration;
			buildSettings = {
				ASSETCATALOG_COMPILER_APPICON_NAME = AppIcon;
				CODE_SIGN_IDENTITY = "iPhone Developer";
				"CODE_SIGN_IDENTITY[sdk=iphoneos*]" = "iPhone Developer";
				EMBEDDED_CONTENT_CONTAINS_SWIFT = YES;
				GCC_PREPROCESSOR_DEFINITIONS = (
					"DEBUG=1",
					"$(inherited)",
				);
				INFOPLIST_FILE = Exemplary/Info.plist;
				LD_RUNPATH_SEARCH_PATHS = "$(inherited) @executable_path/Frameworks";
				PRODUCT_BUNDLE_IDENTIFIER = "com.fabiancanas.$(PRODUCT_NAME:rfc1034identifier)";
				PRODUCT_NAME = "$(TARGET_NAME)";
				PROVISIONING_PROFILE = "";
			};
			name = Debug;
		};
		E75D08FA1A6975AE00DF5561 /* Release */ = {
			isa = XCBuildConfiguration;
			buildSettings = {
				ASSETCATALOG_COMPILER_APPICON_NAME = AppIcon;
				CODE_SIGN_IDENTITY = "iPhone Developer";
				"CODE_SIGN_IDENTITY[sdk=iphoneos*]" = "iPhone Developer";
				EMBEDDED_CONTENT_CONTAINS_SWIFT = YES;
				INFOPLIST_FILE = Exemplary/Info.plist;
				LD_RUNPATH_SEARCH_PATHS = "$(inherited) @executable_path/Frameworks";
				PRODUCT_BUNDLE_IDENTIFIER = "com.fabiancanas.$(PRODUCT_NAME:rfc1034identifier)";
				PRODUCT_NAME = "$(TARGET_NAME)";
				PROVISIONING_PROFILE = "";
			};
			name = Release;
		};
		E7E30FBD1C306E0000E37C7A /* Debug */ = {
			isa = XCBuildConfiguration;
			buildSettings = {
				CLANG_ENABLE_MODULES = YES;
				DEBUG_INFORMATION_FORMAT = dwarf;
				GCC_NO_COMMON_BLOCKS = YES;
				INFOPLIST_FILE = ExemplaryUITests/Info.plist;
				IPHONEOS_DEPLOYMENT_TARGET = 9.2;
				LD_RUNPATH_SEARCH_PATHS = "$(inherited) @executable_path/Frameworks @loader_path/Frameworks";
				PRODUCT_BUNDLE_IDENTIFIER = com.fabiancanas.ExemplaryUITests;
				PRODUCT_NAME = "$(TARGET_NAME)";
				SWIFT_OBJC_BRIDGING_HEADER = "ExemplaryUITests/ExemplaryUITests-Bridging-Header.h";
				SWIFT_OPTIMIZATION_LEVEL = "-Onone";
				TEST_TARGET_NAME = Exemplary;
				USES_XCTRUNNER = YES;
			};
			name = Debug;
		};
		E7E30FBE1C306E0000E37C7A /* Release */ = {
			isa = XCBuildConfiguration;
			buildSettings = {
				CLANG_ENABLE_MODULES = YES;
				COPY_PHASE_STRIP = NO;
				DEBUG_INFORMATION_FORMAT = "dwarf-with-dsym";
				GCC_NO_COMMON_BLOCKS = YES;
				INFOPLIST_FILE = ExemplaryUITests/Info.plist;
				IPHONEOS_DEPLOYMENT_TARGET = 9.2;
				LD_RUNPATH_SEARCH_PATHS = "$(inherited) @executable_path/Frameworks @loader_path/Frameworks";
				PRODUCT_BUNDLE_IDENTIFIER = com.fabiancanas.ExemplaryUITests;
				PRODUCT_NAME = "$(TARGET_NAME)";
				SWIFT_OBJC_BRIDGING_HEADER = "ExemplaryUITests/ExemplaryUITests-Bridging-Header.h";
				TEST_TARGET_NAME = Exemplary;
				USES_XCTRUNNER = YES;
			};
			name = Release;
		};
/* End XCBuildConfiguration section */

/* Begin XCConfigurationList section */
		E75D08B31A696A9D00DF5561 /* Build configuration list for PBXProject "Formulary" */ = {
			isa = XCConfigurationList;
			buildConfigurations = (
				E75D08CD1A696A9D00DF5561 /* Debug */,
				E75D08CE1A696A9D00DF5561 /* Release */,
			);
			defaultConfigurationIsVisible = 0;
			defaultConfigurationName = Release;
		};
		E75D08CF1A696A9D00DF5561 /* Build configuration list for PBXNativeTarget "Formulary" */ = {
			isa = XCConfigurationList;
			buildConfigurations = (
				E75D08D01A696A9D00DF5561 /* Debug */,
				E75D08D11A696A9D00DF5561 /* Release */,
			);
			defaultConfigurationIsVisible = 0;
			defaultConfigurationName = Release;
		};
		E75D08F81A6975AE00DF5561 /* Build configuration list for PBXNativeTarget "Exemplary" */ = {
			isa = XCConfigurationList;
			buildConfigurations = (
				E75D08F91A6975AE00DF5561 /* Debug */,
				E75D08FA1A6975AE00DF5561 /* Release */,
			);
			defaultConfigurationIsVisible = 0;
			defaultConfigurationName = Release;
		};
		E7E30FBC1C306E0000E37C7A /* Build configuration list for PBXNativeTarget "ExemplaryUITests" */ = {
			isa = XCConfigurationList;
			buildConfigurations = (
				E7E30FBD1C306E0000E37C7A /* Debug */,
				E7E30FBE1C306E0000E37C7A /* Release */,
			);
			defaultConfigurationIsVisible = 0;
			defaultConfigurationName = Release;
		};
/* End XCConfigurationList section */
	};
	rootObject = E75D08B01A696A9D00DF5561 /* Project object */;
}
